
Microsoft Visual Studio Solution File, Format Version 12.00
# Visual Studio 2012
Project("{FAE04EC0-301F-11D3-BF4B-00C04F79EFBC}") = "AuthenticateUsers", "AuthenticateUser\AuthenticateUsers.csproj", "{DF99073D-CF9C-4E73-A24B-9D818674DA7D}"
EndProject
Global
	GlobalSection(TeamFoundationVersionControl) = preSolution
		SccNumberOfProjects = 2
		SccEnterpriseProvider = {4CA58AB2-18FA-4F8D-95D4-32DDF27D184C}
		SccTeamFoundationServer = http://tfs.ascensionhealth.org:8080/tfs/tnnas
		SccLocalPath0 = .
		SccProjectUniqueName1 = AuthenticateUser\\AuthenticateUsers.csproj
		SccProjectName1 = AuthenticateUser
		SccLocalPath1 = AuthenticateUser
	EndGlobalSection
	GlobalSection(SolutionConfigurationPlatforms) = preSolution
		Debug|Any CPU = Debug|Any CPU
		Release|Any CPU = Release|Any CPU
	EndGlobalSection
	GlobalSection(ProjectConfigurationPlatforms) = postSolution
		{DF99073D-CF9C-4E73-A24B-9D818674DA7D}.Debug|Any CPU.ActiveCfg = Debug|Any CPU
		{DF99073D-CF9C-4E73-A24B-9D818674DA7D}.Debug|Any CPU.Build.0 = Debug|Any CPU
		{DF99073D-CF9C-4E73-A24B-9D818674DA7D}.Release|Any CPU.ActiveCfg = Release|Any CPU
		{DF99073D-CF9C-4E73-A24B-9D818674DA7D}.Release|Any CPU.Build.0 = Release|Any CPU
	EndGlobalSection
	GlobalSection(SolutionProperties) = preSolution
		HideSolutionNode = FALSE
	EndGlobalSection
EndGlobal
